
Microsoft Visual Studio Solution File, Format Version 12.00
# Visual Studio Version 16
VisualStudioVersion = 16.0.31605.320
MinimumVisualStudioVersion = 10.0.40219.1
Project("{FAE04EC0-301F-11D3-BF4B-00C04F79EFBC}") = "WpfApp1", "WpfApp1.csproj", "{0D61E994-8DD4-43ED-84C9-237A6A5A0E9C}"
EndProject
Global
	GlobalSection(SolutionConfigurationPlatforms) = preSolution
		Debug|Any CPU = Debug|Any CPU
		Release|Any CPU = Release|Any CPU
	EndGlobalSection
	GlobalSection(ProjectConfigurationPlatforms) = postSolution
		{0D61E994-8DD4-43ED-84C9-237A6A5A0E9C}.Debug|Any CPU.ActiveCfg = Debug|Any CPU
		{0D61E994-8DD4-43ED-84C9-237A6A5A0E9C}.Debug|Any CPU.Build.0 = Debug|Any CPU
		{0D61E994-8DD4-43ED-84C9-237A6A5A0E9C}.Release|Any CPU.ActiveCfg = Release|Any CPU
		{0D61E994-8DD4-43ED-84C9-237A6A5A0E9C}.Release|Any CPU.Build.0 = Release|Any CPU
	EndGlobalSection
	GlobalSection(SolutionProperties) = preSolution
		HideSolutionNode = FALSE
	EndGlobalSection
	GlobalSection(ExtensibilityGlobals) = postSolution
		SolutionGuid = {21D6CFC3-2BBB-4090-A277-090092F1DC23}
	EndGlobalSection
EndGlobal
